{
  "name": "app",
  "version": "1.0.0",
  "lockfileVersion": 1,
  "requires": true,
  "dependencies": {
    "@clr/icons": {
      "version": "3.1.1",
      "resolved": "https://registry.npmjs.org/@clr/icons/-/icons-3.1.1.tgz",
      "integrity": "sha512-kvf9r6vAueR744HnVOYx6go+dwlxqlf1aXIWBdNfw28hFFla5ajaRvRsfCU3qro/osTxFue1RYz/8M1OCj5V6A=="
    },
    "@clr/ui": {
      "version": "3.1.1",
      "resolved": "https://registry.npmjs.org/@clr/ui/-/ui-3.1.1.tgz",
      "integrity": "sha512-/qk7CyEsCx6/UFcpNQi6Jidf1HB+fJqSJHkf3zzelypiahO34JDi+bjZNI65oOSF04DuUYVmtHK4BrOOB508Ww=="
    },
    "@webcomponents/custom-elements": {
      "version": "1.4.1",
      "resolved": "https://registry.npmjs.org/@webcomponents/custom-elements/-/custom-elements-1.4.1.tgz",
      "integrity": "sha512-vNCS1+3sxJOpoIsBjUQiXjGLngakEAGOD5Ale+6ikg6OZG5qI5O39frm3raPhud/IwnF4vec5ags05YBsgzcuA=="
    }
  }
}
