{
  "name": "app01",
  "version": "1.0.0",
  "lockfileVersion": 1,
  "requires": true,
  "dependencies": {
    "@clr/icons": {
      "version": "4.0.2",
      "resolved": "https://registry.npmjs.org/@clr/icons/-/icons-4.0.2.tgz",
      "integrity": "sha512-EXkneSxQhXx4RinA8v0Rf/Ea0PZ7kezblukt3zxKbtIDtST3TPlAhkGst522gHiyFtzgOAipOmFx8NsZs3YF7A=="
    },
    "@clr/ui": {
      "version": "4.0.2",
      "resolved": "https://registry.npmjs.org/@clr/ui/-/ui-4.0.2.tgz",
      "integrity": "sha512-BRkU4vnwOBq6+Dhp5KOSS70nozNkl+7TS6U8XBjYgAJbNOcRxnVCs3gR0KeQrrn61yY+KzY2hCgSukI2Gw+Sqg=="
    },
    "@webcomponents/custom-elements": {
      "version": "1.4.2",
      "resolved": "https://registry.npmjs.org/@webcomponents/custom-elements/-/custom-elements-1.4.2.tgz",
      "integrity": "sha512-bLw2XH9+2NBwmn7BI6WA2oIo2eOfBpl+GjAqkF/qnkZ8kq3HY5tKYTxtKowWALAferTp3wKD8W6FSn5OyK+rtQ=="
    }
  }
}
